
Microsoft Visual Studio Solution File, Format Version 12.00
# Visual Studio 2013
VisualStudioVersion = 12.0.30723.0
MinimumVisualStudioVersion = 10.0.40219.1
Project("{FAE04EC0-301F-11D3-BF4B-00C04F79EFBC}") = "Gerador.Business", "GeradorBusiness\Gerador.Business.csproj", "{8046CA55-F93A-4931-BB49-4FAC1BD97F80}"
EndProject
Project("{FAE04EC0-301F-11D3-BF4B-00C04F79EFBC}") = "Gerador.Dal", "GeradorData\Gerador.Dal.csproj", "{D40A2D76-A309-4279-BB2A-D32064817640}"
EndProject
Project("{FAE04EC0-301F-11D3-BF4B-00C04F79EFBC}") = "Gerador.Entity", "GeradorEntity\Gerador.Entity.csproj", "{4C12BC1F-F689-4A69-BF3D-2C8DEFC3644F}"
EndProject
Project("{FAE04EC0-301F-11D3-BF4B-00C04F79EFBC}") = "Gerador.Connection", "GeradorConnection\Gerador.Connection.csproj", "{C01801AF-85B7-4095-9C4A-65CD26A3A0E2}"
EndProject
Project("{FAE04EC0-301F-11D3-BF4B-00C04F79EFBC}") = "Gerador", "Gerador\Gerador.csproj", "{BF22745E-D3E1-48AE-85B1-A65BAF7C57F1}"
EndProject
Project("{FAE04EC0-301F-11D3-BF4B-00C04F79EFBC}") = "Gerador.Library", "GeradorLibrary\Gerador.Library.csproj", "{39A5D7A9-BA86-49C1-81FC-EF30EB485FBC}"
EndProject
Project("{FAE04EC0-301F-11D3-BF4B-00C04F79EFBC}") = "Gerador.WebService", "Gerador.WebService\Gerador.WebService.csproj", "{0A307C4C-BDF2-4AE5-AF45-F02ADB859FAE}"
EndProject
Project("{FAE04EC0-301F-11D3-BF4B-00C04F79EFBC}") = "Gerador.Licenca", "Gerador.Licenca\Gerador.Licenca.csproj", "{2F9897C5-F82F-4A02-9879-31E4468A8AB0}"
EndProject
Project("{FAE04EC0-301F-11D3-BF4B-00C04F79EFBC}") = "Gerador.Teste2", "Gerador.Teste2\Gerador.Teste2.csproj", "{32690F27-C6D0-4DFF-A61B-7B672C9C7CB4}"
EndProject
Global
	GlobalSection(SolutionConfigurationPlatforms) = preSolution
		Debug|Any CPU = Debug|Any CPU
		Debug|x86 = Debug|x86
		Release|Any CPU = Release|Any CPU
		Release|x86 = Release|x86
	EndGlobalSection
	GlobalSection(ProjectConfigurationPlatforms) = postSolution
		{8046CA55-F93A-4931-BB49-4FAC1BD97F80}.Debug|Any CPU.ActiveCfg = Debug|Any CPU
		{8046CA55-F93A-4931-BB49-4FAC1BD97F80}.Debug|Any CPU.Build.0 = Debug|Any CPU
		{8046CA55-F93A-4931-BB49-4FAC1BD97F80}.Debug|x86.ActiveCfg = Debug|x86
		{8046CA55-F93A-4931-BB49-4FAC1BD97F80}.Debug|x86.Build.0 = Debug|x86
		{8046CA55-F93A-4931-BB49-4FAC1BD97F80}.Release|Any CPU.ActiveCfg = Release|x86
		{8046CA55-F93A-4931-BB49-4FAC1BD97F80}.Release|Any CPU.Build.0 = Release|x86
		{8046CA55-F93A-4931-BB49-4FAC1BD97F80}.Release|x86.ActiveCfg = Release|x86
		{8046CA55-F93A-4931-BB49-4FAC1BD97F80}.Release|x86.Build.0 = Release|x86
		{D40A2D76-A309-4279-BB2A-D32064817640}.Debug|Any CPU.ActiveCfg = Debug|Any CPU
		{D40A2D76-A309-4279-BB2A-D32064817640}.Debug|Any CPU.Build.0 = Debug|Any CPU
		{D40A2D76-A309-4279-BB2A-D32064817640}.Debug|x86.ActiveCfg = Debug|x86
		{D40A2D76-A309-4279-BB2A-D32064817640}.Debug|x86.Build.0 = Debug|x86
		{D40A2D76-A309-4279-BB2A-D32064817640}.Release|Any CPU.ActiveCfg = Release|x86
		{D40A2D76-A309-4279-BB2A-D32064817640}.Release|Any CPU.Build.0 = Release|x86
		{D40A2D76-A309-4279-BB2A-D32064817640}.Release|x86.ActiveCfg = Release|x86
		{D40A2D76-A309-4279-BB2A-D32064817640}.Release|x86.Build.0 = Release|x86
		{4C12BC1F-F689-4A69-BF3D-2C8DEFC3644F}.Debug|Any CPU.ActiveCfg = Debug|Any CPU
		{4C12BC1F-F689-4A69-BF3D-2C8DEFC3644F}.Debug|Any CPU.Build.0 = Debug|Any CPU
		{4C12BC1F-F689-4A69-BF3D-2C8DEFC3644F}.Debug|x86.ActiveCfg = Debug|x86
		{4C12BC1F-F689-4A69-BF3D-2C8DEFC3644F}.Debug|x86.Build.0 = Debug|x86
		{4C12BC1F-F689-4A69-BF3D-2C8DEFC3644F}.Release|Any CPU.ActiveCfg = Release|x86
		{4C12BC1F-F689-4A69-BF3D-2C8DEFC3644F}.Release|Any CPU.Build.0 = Release|x86
		{4C12BC1F-F689-4A69-BF3D-2C8DEFC3644F}.Release|x86.ActiveCfg = Release|x86
		{4C12BC1F-F689-4A69-BF3D-2C8DEFC3644F}.Release|x86.Build.0 = Release|x86
		{C01801AF-85B7-4095-9C4A-65CD26A3A0E2}.Debug|Any CPU.ActiveCfg = Debug|Any CPU
		{C01801AF-85B7-4095-9C4A-65CD26A3A0E2}.Debug|Any CPU.Build.0 = Debug|Any CPU
		{C01801AF-85B7-4095-9C4A-65CD26A3A0E2}.Debug|x86.ActiveCfg = Debug|x86
		{C01801AF-85B7-4095-9C4A-65CD26A3A0E2}.Debug|x86.Build.0 = Debug|x86
		{C01801AF-85B7-4095-9C4A-65CD26A3A0E2}.Release|Any CPU.ActiveCfg = Release|x86
		{C01801AF-85B7-4095-9C4A-65CD26A3A0E2}.Release|Any CPU.Build.0 = Release|x86
		{C01801AF-85B7-4095-9C4A-65CD26A3A0E2}.Release|x86.ActiveCfg = Release|x86
		{C01801AF-85B7-4095-9C4A-65CD26A3A0E2}.Release|x86.Build.0 = Release|x86
		{BF22745E-D3E1-48AE-85B1-A65BAF7C57F1}.Debug|Any CPU.ActiveCfg = Debug|Any CPU
		{BF22745E-D3E1-48AE-85B1-A65BAF7C57F1}.Debug|Any CPU.Build.0 = Debug|Any CPU
		{BF22745E-D3E1-48AE-85B1-A65BAF7C57F1}.Debug|x86.ActiveCfg = Debug|x86
		{BF22745E-D3E1-48AE-85B1-A65BAF7C57F1}.Debug|x86.Build.0 = Debug|x86
		{BF22745E-D3E1-48AE-85B1-A65BAF7C57F1}.Release|Any CPU.ActiveCfg = Release|x86
		{BF22745E-D3E1-48AE-85B1-A65BAF7C57F1}.Release|Any CPU.Build.0 = Release|x86
		{BF22745E-D3E1-48AE-85B1-A65BAF7C57F1}.Release|x86.ActiveCfg = Release|x86
		{BF22745E-D3E1-48AE-85B1-A65BAF7C57F1}.Release|x86.Build.0 = Release|x86
		{39A5D7A9-BA86-49C1-81FC-EF30EB485FBC}.Debug|Any CPU.ActiveCfg = Debug|Any CPU
		{39A5D7A9-BA86-49C1-81FC-EF30EB485FBC}.Debug|Any CPU.Build.0 = Debug|Any CPU
		{39A5D7A9-BA86-49C1-81FC-EF30EB485FBC}.Debug|x86.ActiveCfg = Debug|x86
		{39A5D7A9-BA86-49C1-81FC-EF30EB485FBC}.Debug|x86.Build.0 = Debug|x86
		{39A5D7A9-BA86-49C1-81FC-EF30EB485FBC}.Release|Any CPU.ActiveCfg = Release|x86
		{39A5D7A9-BA86-49C1-81FC-EF30EB485FBC}.Release|Any CPU.Build.0 = Release|x86
		{39A5D7A9-BA86-49C1-81FC-EF30EB485FBC}.Release|x86.ActiveCfg = Release|x86
		{39A5D7A9-BA86-49C1-81FC-EF30EB485FBC}.Release|x86.Build.0 = Release|x86
		{0A307C4C-BDF2-4AE5-AF45-F02ADB859FAE}.Debug|Any CPU.ActiveCfg = Debug|Any CPU
		{0A307C4C-BDF2-4AE5-AF45-F02ADB859FAE}.Debug|Any CPU.Build.0 = Debug|Any CPU
		{0A307C4C-BDF2-4AE5-AF45-F02ADB859FAE}.Debug|x86.ActiveCfg = Debug|Any CPU
		{0A307C4C-BDF2-4AE5-AF45-F02ADB859FAE}.Release|Any CPU.ActiveCfg = Release|Any CPU
		{0A307C4C-BDF2-4AE5-AF45-F02ADB859FAE}.Release|Any CPU.Build.0 = Release|Any CPU
		{0A307C4C-BDF2-4AE5-AF45-F02ADB859FAE}.Release|x86.ActiveCfg = Release|Any CPU
		{2F9897C5-F82F-4A02-9879-31E4468A8AB0}.Debug|Any CPU.ActiveCfg = Debug|Any CPU
		{2F9897C5-F82F-4A02-9879-31E4468A8AB0}.Debug|Any CPU.Build.0 = Debug|Any CPU
		{2F9897C5-F82F-4A02-9879-31E4468A8AB0}.Debug|x86.ActiveCfg = Debug|Any CPU
		{2F9897C5-F82F-4A02-9879-31E4468A8AB0}.Release|Any CPU.ActiveCfg = Release|Any CPU
		{2F9897C5-F82F-4A02-9879-31E4468A8AB0}.Release|Any CPU.Build.0 = Release|Any CPU
		{2F9897C5-F82F-4A02-9879-31E4468A8AB0}.Release|x86.ActiveCfg = Release|Any CPU
		{32690F27-C6D0-4DFF-A61B-7B672C9C7CB4}.Debug|Any CPU.ActiveCfg = Debug|Any CPU
		{32690F27-C6D0-4DFF-A61B-7B672C9C7CB4}.Debug|Any CPU.Build.0 = Debug|Any CPU
		{32690F27-C6D0-4DFF-A61B-7B672C9C7CB4}.Debug|x86.ActiveCfg = Debug|Any CPU
		{32690F27-C6D0-4DFF-A61B-7B672C9C7CB4}.Release|Any CPU.ActiveCfg = Release|Any CPU
		{32690F27-C6D0-4DFF-A61B-7B672C9C7CB4}.Release|Any CPU.Build.0 = Release|Any CPU
		{32690F27-C6D0-4DFF-A61B-7B672C9C7CB4}.Release|x86.ActiveCfg = Release|Any CPU
	EndGlobalSection
	GlobalSection(SolutionProperties) = preSolution
		HideSolutionNode = FALSE
	EndGlobalSection
EndGlobal
